# DO NOT EDIT - Generated by nlsc
# 2026-09-13T16:33:02.785685+00:00

schema_version: 1
generated_at: 2026-09-13T16:33:02.785685+00:00
compiler_version: 0.2.5
llm_backend: mock

modules:
  mission_control:
    source_hash: sha256:a8090dbf7d90
    anlus:
      base:
        source_hash: sha256:87c8d564eca0
        output_hash: sha256:b5dbddb00047
        output_lines: 8
        generated_code: |
          def base() -> Any:
              """
              Locate the rover's starting point and required return destination.
          
              Returns:
                  Waypoint("base", "Aster Base", 0, 0, 0, 0, 0)
              """
              return Waypoint("base", "Aster Base", 0, 0, 0, 0, 0)
      catalog:
        source_hash: sha256:ecb67b84e6e5
        output_hash: sha256:e41b89e011a6
        output_lines: 8
        generated_code: |
          def catalog() -> Any:
              """
              Offer six fictional survey sites with explicit scientific and payload tradeoffs.
          
              Returns:
                  [Waypoint("basalt", "Basalt Gate", 6, 3, 18, 4, 0.5), Waypoint("echo", "Echo Crater", 12, 9, 38, 9, 1.2), Waypoint("glass", "Glass Dunes", 20, 5, 26, 6, 0.8), Waypoint("ridge", "North Ridge", 8, 19, 42, 11, 1.5), Waypoint("delta", "Delta Shelf", 21, 20, 58, 15, 2), Waypoint("relay", "Relay Spire", 3, 12, 22, 3, 0.4)]
              """
              return [Waypoint("basalt", "Basalt Gate", 6, 3, 18, 4, 0.5), Waypoint("echo", "Echo Crater", 12, 9, 38, 9, 1.2), Waypoint("glass", "Glass Dunes", 20, 5, 26, 6, 0.8), Waypoint("ridge", "North Ridge", 8, 19, 42, 11, 1.5), Waypoint("delta", "Delta Shelf", 21, 20, 58, 15, 2), Waypoint("relay", "Relay Spire", 3, 12, 22, 3, 0.4)]
      distance-between:
        source_hash: sha256:2399b7f28370
        output_hash: sha256:7a3308f79fff
        output_lines: 14
        generated_code: |
          def distance_between(origin: Waypoint, destination: Waypoint) -> Any:
              """
              Measure the straight-line distance between two sites in kilometers.
          
              Args:
                  origin: Waypoint
                  destination: Waypoint
          
              Returns:
                  math.sqrt(dx * dx + dy * dy)
              """
              dx = destination.x - origin.x
              dy = destination.y - origin.y
              return math.sqrt(dx * dx + dy * dy)
      route-distance:
        source_hash: sha256:7820f9cf82cc
        output_hash: sha256:873e94b94118
        output_lines: 21
        generated_code: |
          def route_distance(route: list[Waypoint], origin: Waypoint, cursor: Optional[float] = None) -> Any:
              """
              Recursively total an ordered route, always including its return to base.
          
              Args:
                  route: list of Waypoint
                  origin: Waypoint
                  cursor: number
          
              Returns:
                  distance
              """
              if cursor is not None:
                  index = cursor
              else:
                  index = 0
              if index >= len(route):
                  distance = distance_between(origin, base())
              else:
                  distance = distance_between(origin, route[index]) + route_distance(route, route[index], index + 1)
              return distance
      science-total:
        source_hash: sha256:239bcd63bc44
        output_hash: sha256:475ece0096ee
        output_lines: 20
        generated_code: |
          def science_total(route: list[Waypoint], cursor: Optional[float] = None) -> Any:
              """
              Sum the science points collected at the selected stops.
          
              Args:
                  route: list of Waypoint
                  cursor: number
          
              Returns:
                  total
              """
              if cursor is not None:
                  index = cursor
              else:
                  index = 0
              if index >= len(route):
                  total = 0
              else:
                  total = route[index].science + science_total(route, index + 1)
              return total
      payload-total:
        source_hash: sha256:73624b29113e
        output_hash: sha256:ed883f67aed8
        output_lines: 20
        generated_code: |
          def payload_total(route: list[Waypoint], cursor: Optional[float] = None) -> Any:
              """
              Sum the sample mass that must fit in the rover's cargo bay.
          
              Args:
                  route: list of Waypoint
                  cursor: number
          
              Returns:
                  total
              """
              if cursor is not None:
                  index = cursor
              else:
                  index = 0
              if index >= len(route):
                  total = 0
              else:
                  total = route[index].sample_kg + payload_total(route, index + 1)
              return total
      sampling-hours:
        source_hash: sha256:4f4fdfda3d49
        output_hash: sha256:3bbb0915e2d3
        output_lines: 20
        generated_code: |
          def sampling_hours(route: list[Waypoint], cursor: Optional[float] = None) -> Any:
              """
              Sum the time spent collecting samples rather than driving.
          
              Args:
                  route: list of Waypoint
                  cursor: number
          
              Returns:
                  total
              """
              if cursor is not None:
                  index = cursor
              else:
                  index = 0
              if index >= len(route):
                  total = 0
              else:
                  total = route[index].dwell_hours + sampling_hours(route, index + 1)
              return total
      pace-factor:
        source_hash: sha256:cd8d026e6a3f
        output_hash: sha256:74c8ca50518d
        output_lines: 21
        generated_code: |
          def pace_factor(pace: str) -> Any:
              """
              Trade energy efficiency for travel speed.
          
              Args:
                  pace: string
          
              Returns:
                  factor
              """
              if not (pace in ["Eco", "Traverse", "Sprint"]):
                  raise ValueError('Choose Eco, Traverse, or Sprint')
              if pace == "Sprint":
                  fast_factor = 1.35
              else:
                  fast_factor = 1
              if pace == "Eco":
                  factor = 0.85
              else:
                  factor = fast_factor
              return factor
      travel-speed:
        source_hash: sha256:9fe1f55c8b7a
        output_hash: sha256:67714a98291e
        output_lines: 21
        generated_code: |
          def travel_speed(pace: str) -> Any:
              """
              Map the selected driving mode to kilometers per hour.
          
              Args:
                  pace: string
          
              Returns:
                  speed
              """
              if not (pace in ["Eco", "Traverse", "Sprint"]):
                  raise ValueError('Choose Eco, Traverse, or Sprint')
              if pace == "Sprint":
                  fast_speed = 12
              else:
                  fast_speed = 9
              if pace == "Eco":
                  speed = 6
              else:
                  speed = fast_speed
              return speed
      weather-factor:
        source_hash: sha256:906802d5f2b8
        output_hash: sha256:cac87069433b
        output_lines: 21
        generated_code: |
          def weather_factor(weather: str) -> Any:
              """
              Increase driving energy demand under dust and storm conditions.
          
              Args:
                  weather: string
          
              Returns:
                  factor
              """
              if not (weather in ["Clear", "Dust", "Storm"]):
                  raise ValueError('Choose Clear, Dust, or Storm')
              if weather == "Storm":
                  storm_factor = 1.6
              else:
                  storm_factor = 1.25
              if weather == "Clear":
                  factor = 1
              else:
                  factor = storm_factor
              return factor
      energy-needed:
        source_hash: sha256:fdedbef38c01
        output_hash: sha256:59e8e893218b
        output_lines: 22
        generated_code: |
          def energy_needed(distance: float, payload: float, sampling: float, rover: Rover) -> float:
              """
              Budget driving with the full planned payload on every leg, plus sampling at 3 kW.
          
              Args:
                  distance: number
                  payload: number
                  sampling: number
                  rover: Rover
          
              Returns:
                  driving + sampling * 3
              """
              if not (distance >= 0):
                  raise ValueError('Distance cannot be negative')
              if not (payload >= 0):
                  raise ValueError('Payload cannot be negative')
              if not (sampling >= 0):
                  raise ValueError('Sampling time cannot be negative')
              consumption = 1.2 + payload * 0.015
              driving = distance * consumption * pace_factor(rover.pace) * weather_factor(rover.weather)
              return driving + sampling * 3
      mission-hours:
        source_hash: sha256:e9b512da6729
        output_hash: sha256:23dd9a2d9b7e
        output_lines: 13
        generated_code: |
          def mission_hours(distance: float, sampling: float, pace: str) -> Any:
              """
              Combine driving time with sample collection time.
          
              Args:
                  distance: number
                  sampling: number
                  pace: string
          
              Returns:
                  distance / [travel-speed](pace) + sampling
              """
              return distance / travel_speed(pace) + sampling
      reserve-energy:
        source_hash: sha256:b334bd8941e8
        output_hash: sha256:877ede6ee744
        output_lines: 11
        generated_code: |
          def reserve_energy(rover: Rover) -> float:
              """
              Protect the operator's chosen fraction of the battery from mission use.
          
              Args:
                  rover: Rover
          
              Returns:
                  rover.battery * rover.reserve_percent / 100
              """
              return rover.battery * rover.reserve_percent / 100
      readiness-label:
        source_hash: sha256:6013b5906861
        output_hash: sha256:ddd3e6a332bc
        output_lines: 25
        generated_code: |
          def readiness_label(stops: float, energy_margin: float, payload_margin: float) -> Any:
              """
              Explain the first unmet launch condition in a stable order.
          
              Args:
                  stops: number
                  energy_margin: number
                  payload_margin: number
          
              Returns:
                  status
              """
              if payload_margin < 0:
                  cargo_status = "OVER CAPACITY"
              else:
                  cargo_status = "READY TO EXPLORE"
              if energy_margin < 0:
                  power_status = "LOW POWER"
              else:
                  power_status = cargo_status
              if stops == 0:
                  status = "AWAITING ROUTE"
              else:
                  status = power_status
              return status
      assess-mission:
        source_hash: sha256:c7643170b373
        output_hash: sha256:7901ba18fd91
        output_lines: 24
        generated_code: |
          def assess_mission(route: list[Waypoint], rover: Rover) -> Any:
              """
              Turn a proposed route and rover configuration into an auditable launch decision.
          
              Args:
                  route: list of Waypoint
                  rover: Rover
          
              Returns:
                  Readiness(status, can_launch, distance, [mission-hours](distance, sampling, rover.pace), energy, remaining, reserve, energy_margin, payload, payload_margin, [science-total](route))
              """
              if not (len(route) <= 6):
                  raise ValueError('A mission supports at most six stops')
              distance = route_distance(route, base())
              payload = payload_total(route)
              sampling = sampling_hours(route)
              energy = energy_needed(distance, payload, sampling, rover)
              reserve = reserve_energy(rover)
              remaining = rover.battery - energy
              energy_margin = remaining - reserve
              payload_margin = rover.payload_limit - payload
              can_launch = len(route) > 0 and energy_margin >= 0 and payload_margin >= 0
              status = readiness_label(len(route), energy_margin, payload_margin)
              return Readiness(status, can_launch, distance, mission_hours(distance, sampling, rover.pace), energy, remaining, reserve, energy_margin, payload, payload_margin, science_total(route))
      authorize-launch:
        source_hash: sha256:e311524da052
        output_hash: sha256:37493fb029c8
        output_lines: 24
        generated_code: |
          def authorize_launch(route: list[Waypoint], report: Readiness) -> Readiness:
              """
              Refuse launch when the route, energy reserve, or sample capacity contract fails.
          
              Args:
                  route: list of Waypoint
                  report: Readiness
          
              Returns:
                  report
              """
              if not (len(route) > 0):
                  __nls_error = ValueError('Choose at least one survey site before launch')
                  __nls_error.code = 'NO_ROUTE'
                  raise __nls_error
              if not (report.energy_margin >= 0):
                  __nls_error = ValueError('This route would consume the protected energy reserve')
                  __nls_error.code = 'POWER_RESERVE'
                  raise __nls_error
              if not (report.payload_margin >= 0):
                  __nls_error = ValueError('The planned samples exceed the cargo capacity')
                  __nls_error.code = 'PAYLOAD_LIMIT'
                  raise __nls_error
              return report
      make-leg:
        source_hash: sha256:61e84178a011
        output_hash: sha256:4b2eaa5167cb
        output_lines: 17
        generated_code: |
          def make_leg(origin: Waypoint, destination: Waypoint, payload: float, rover: Rover) -> Any:
              """
              Describe one travel segment using the same energy and time rules as the planner.
          
              Args:
                  origin: Waypoint
                  destination: Waypoint
                  payload: number
                  rover: Rover
          
              Returns:
                  Leg(destination.name, destination.code, destination.x, destination.y, distance, energy, hours, destination.science)
              """
              distance = distance_between(origin, destination)
              energy = energy_needed(distance, payload, destination.dwell_hours, rover)
              hours = mission_hours(distance, destination.dwell_hours, rover.pace)
              return Leg(destination.name, destination.code, destination.x, destination.y, distance, energy, hours, destination.science)
      build-legs:
        source_hash: sha256:ec209b079b31
        output_hash: sha256:1a033847b59a
        output_lines: 23
        generated_code: |
          def build_legs(route: list[Waypoint], origin: Waypoint, payload: float, rover: Rover, cursor: Optional[float] = None) -> Any:
              """
              Recursively create a flight manifest ending safely at Aster Base.
          
              Args:
                  route: list of Waypoint
                  origin: Waypoint
                  payload: number
                  rover: Rover
                  cursor: number
          
              Returns:
                  legs
              """
              if cursor is not None:
                  index = cursor
              else:
                  index = 0
              if index >= len(route):
                  legs = [make_leg(origin, base(), payload, rover)]
              else:
                  legs = [make_leg(origin, route[index], payload, rover)] + build_legs(route, route[index], payload, rover, index + 1)
              return legs
      clamp-percent:
        source_hash: sha256:765a137be9ee
        output_hash: sha256:e7b87541d2b4
        output_lines: 28
        generated_code: |
          def clamp_percent(value: float) -> float:
              """
              Keep display percentages within a valid progress range.
          
              Args:
                  value: number
          
              Returns:
                  min(100, max(0, value))
              """
              return min(100, max(0, value))
          
          
          # --- Literal blocks ---
          import json
          import os
          import sys
          from dataclasses import asdict
          from http.server import BaseHTTPRequestHandler, ThreadingHTTPServer
          from pathlib import Path
          from urllib.parse import urlsplit
          
          ASSET_ROOT = next(
              (Path(p) for p in [str(Path(__file__).parent), *sys.path]
               if p and (Path(p) / "mission_control.nl").is_file()
               and (Path(p) / "web.html").is_file()),
              Path(__file__).parent,
          )

targets:
  python:
    file: examples\showcase\mission_control.py
    hash: sha256:842c1198e24c
    lines: 605
    semantics_version: py-3