# DO NOT EDIT - Generated by nlsc
# 2026-01-17T18:32:42.828156+00:00

schema_version: 1
generated_at: 2026-01-17T18:32:42.828156+00:00
compiler_version: 0.1.0
llm_backend: mock

modules:
  combat:
    source_hash: sha256:e68d01276cd4
    anlus:
      attack:
        source_hash: sha256:746799c99347
        output_hash: sha256:fca30679635b
        output_lines: 0

targets:
  python:
    file: examples\text-rpg\src\combat.py
    hash: sha256:6425881aa4ff
    lines: 48