# DO NOT EDIT - Generated by nlsc
# 2026-01-17T18:31:21.729372+00:00

schema_version: 1
generated_at: 2026-01-17T18:31:21.729372+00:00
compiler_version: 0.1.0
llm_backend: mock

modules:
  entities:
    source_hash: sha256:280e3237e8ea
    anlus:
      create-hero:
        source_hash: sha256:81452e9a189a
        output_hash: sha256:842ddc02c706
        output_lines: 0
      create-monster:
        source_hash: sha256:ed8ae2ffb28e
        output_hash: sha256:2b5aa1a15d8d
        output_lines: 0

targets:
  python:
    file: examples\text-rpg\src\entities.py
    hash: sha256:ed2fd9214616
    lines: 45