# DO NOT EDIT - Generated by nlsc
# 2026-01-17T18:40:38.212382+00:00

schema_version: 1
generated_at: 2026-01-17T18:40:38.212382+00:00
compiler_version: 0.1.0
llm_backend: mock

modules:
  game:
    source_hash: sha256:6fa20fe0bb96
    anlus:
      execute-round:
        source_hash: sha256:a248e234004c
        output_hash: sha256:1ab0da3f0c0d
        output_lines: 0

targets:
  python:
    file: examples\text-rpg\src\game.py
    hash: sha256:dc58cc892585
    lines: 62