# DO NOT EDIT - Generated by nlsc
# 2026-09-13T18:04:49.069982+00:00

schema_version: 1
generated_at: 2026-09-13T18:04:49.069982+00:00
compiler_version: 0.2.5
llm_backend: mock

modules:
  arithmetic:
    source_hash: sha256:5090cfe96d7e
    anlus:
      add:
        source_hash: sha256:e8dc237d6395
        output_hash: sha256:e4dd49cbc123
        output_lines: 12
        generated_code: |
          def add(a: float, b: float) -> float:
              """
              Add two numbers
          
              Args:
                  a: number
                  b: number
          
              Returns:
                  a + b
              """
              return a + b
      multiply:
        source_hash: sha256:5d83ad7d525d
        output_hash: sha256:d799f5557177
        output_lines: 12
        generated_code: |
          def multiply(a: float, b: float) -> float:
              """
              Multiply two numbers
          
              Args:
                  a: number
                  b: number
          
              Returns:
                  a × b
              """
              return a * b

targets:
  python:
    file: examples\arithmetic.py
    hash: sha256:9bf754858236
    lines: 35
    semantics_version: py-3