# DO NOT EDIT - Generated by nlsc
# 2026-09-13T17:07:01.964513+00:00

schema_version: 1
generated_at: 2026-09-13T17:07:01.964513+00:00
compiler_version: 0.2.5
llm_backend: mock

modules:
  billing:
    source_hash: sha256:504361fc2194
    anlus:
      calculate-line-total:
        source_hash: sha256:83ed20d261e5
        output_hash: sha256:62313954d579
        output_lines: 11
        generated_code: |
          def calculate_line_total(item: LineItem) -> float:
              """
              Calculate the total for a single line item.
          
              Args:
                  item: LineItem
          
              Returns:
                  item.quantity * item.unit_price
              """
              return item.quantity * item.unit_price
      calculate-subtotal:
        source_hash: sha256:b566d76a7cb0
        output_hash: sha256:e0792518e041
        output_lines: 12
        generated_code: |
          def calculate_subtotal(invoice: Invoice) -> float:
              """
              Sum all line item totals for an invoice.
          
              Args:
                  invoice: Invoice
          
              Returns:
                  sum(item.quantity * item.unit_price for item in invoice.items)
              """
              subtotal = None  # TODO: Sum each item's total
              return sum(item.quantity * item.unit_price for item in invoice.items)
      apply-discount:
        source_hash: sha256:795697a5b994
        output_hash: sha256:92490b29af56
        output_lines: 18
        generated_code: |
          def apply_discount(amount: float, discount_percent: float) -> Any:
              """
              Apply a percentage discount to an amount.
          
              Args:
                  amount: number
                  discount_percent: number
          
              Returns:
                  amount * (1 - discount_percent / 100)
              """
              if not (discount_percent >= 0):
                  raise ValueError('Discount cannot be negative')
              if not (discount_percent <= 100):
                  raise ValueError('Discount cannot exceed 100%')
              discount = None  # TODO: Calculate discount amount
              final = None  # TODO: Subtract from original
              return amount * (1 - discount_percent / 100)
      calculate-tax:
        source_hash: sha256:c6c2e900a5ce
        output_hash: sha256:df2a017cc237
        output_lines: 14
        generated_code: |
          def calculate_tax(amount: float, tax_rate: float) -> Any:
              """
              Calculate tax on a given amount.
          
              Args:
                  amount: number
                  tax_rate: number
          
              Returns:
                  amount * (tax_rate / 100)
              """
              if not (tax_rate >= 0):
                  raise ValueError('Tax rate cannot be negative')
              return amount * (tax_rate / 100)
      calculate-invoice-total:
        source_hash: sha256:ec351cf200f4
        output_hash: sha256:715033cc0f78
        output_lines: 15
        generated_code: |
          def calculate_invoice_total(invoice: Invoice) -> Any:
              """
              Calculate the final total for an invoice including tax and discount.
          
              Args:
                  invoice: Invoice
          
              Returns:
                  calculate_subtotal(invoice) * (1 - invoice.discount_percent / 100) * (1 + invoice.tax_rate / 100)
              """
              subtotal = None  # TODO: Calculate subtotal from all items
              discounted = None  # TODO: Apply discount to subtotal
              tax = None  # TODO: Calculate tax on discounted amount
              total = None  # TODO: Add tax to discounted amount
              return calculate_subtotal(invoice) * (1 - invoice.discount_percent / 100) * (1 + invoice.tax_rate / 100)

targets:
  python:
    file: examples\billing.draft.py
    hash: sha256:82a03665869b
    lines: 129
    semantics_version: py-3