# DO NOT EDIT - Generated by nlsc
# 2026-09-13T18:04:51.605624+00:00

schema_version: 1
generated_at: 2026-09-13T18:04:51.605624+00:00
compiler_version: 0.2.5
llm_backend: mock

modules:
  billing:
    source_hash: sha256:16d6174b6a13
    anlus:
      calculate-line-total:
        source_hash: sha256:83ed20d261e5
        output_hash: sha256:62313954d579
        output_lines: 11
        generated_code: |
          def calculate_line_total(item: LineItem) -> float:
              """
              Calculate the total for a single line item.
          
              Args:
                  item: LineItem
          
              Returns:
                  item.quantity * item.unit_price
              """
              return item.quantity * item.unit_price
      calculate-subtotal:
        source_hash: sha256:ae35cb36b035
        output_hash: sha256:dd8958dba37f
        output_lines: 14
        generated_code: |
          def calculate_subtotal(invoice: Invoice) -> Any:
              """
              Sum all line item totals for an invoice.
          
              Args:
                  invoice: Invoice
          
              Returns:
                  subtotal
              """
              subtotal = 0
              for item in invoice.items:
                  subtotal = subtotal + calculate_line_total(item)
              return subtotal
      apply-discount:
        source_hash: sha256:913df2a426ee
        output_hash: sha256:ea2c0eae43cb
        output_lines: 18
        generated_code: |
          def apply_discount(amount: float, discount_percent: float) -> Any:
              """
              Apply a percentage discount to an amount.
          
              Args:
                  amount: number
                  discount_percent: number
          
              Returns:
                  final
              """
              if not (discount_percent >= 0):
                  raise ValueError('Discount cannot be negative')
              if not (discount_percent <= 100):
                  raise ValueError('Discount cannot exceed 100%')
              discount = amount * (discount_percent / 100)
              final = amount - discount
              return final
      calculate-tax:
        source_hash: sha256:c6c2e900a5ce
        output_hash: sha256:df2a017cc237
        output_lines: 14
        generated_code: |
          def calculate_tax(amount: float, tax_rate: float) -> Any:
              """
              Calculate tax on a given amount.
          
              Args:
                  amount: number
                  tax_rate: number
          
              Returns:
                  amount * (tax_rate / 100)
              """
              if not (tax_rate >= 0):
                  raise ValueError('Tax rate cannot be negative')
              return amount * (tax_rate / 100)
      calculate-invoice-total:
        source_hash: sha256:b40ea9231275
        output_hash: sha256:2df3e39696da
        output_lines: 15
        generated_code: |
          def calculate_invoice_total(invoice: Invoice) -> Any:
              """
              Calculate the final total for an invoice including tax and discount.
          
              Args:
                  invoice: Invoice
          
              Returns:
                  total
              """
              subtotal = calculate_subtotal(invoice)
              discounted = apply_discount(subtotal, invoice.discount_percent)
              tax = calculate_tax(discounted, invoice.tax_rate)
              total = discounted + tax
              return total

targets:
  python:
    file: examples\billing.py
    hash: sha256:1ef9954abd99
    lines: 130
    semantics_version: py-3