# DO NOT EDIT - Generated by nlsc
# 2026-01-20T16:35:51.121057+00:00

schema_version: 1
generated_at: 2026-01-20T16:35:51.121057+00:00
compiler_version: 0.2.5
llm_backend: mock

modules:
  math:
    source_hash: sha256:34802dca1236
    anlus:
      add:
        source_hash: sha256:815e0efab0f2
        output_hash: sha256:e4dd49cbc123
        output_lines: 12
        generated_code: |
          def add(a: float, b: float) -> float:
              """
              Add two numbers
          
              Args:
                  a: number
                  b: number
          
              Returns:
                  a + b
              """
              return a + b
      multiply:
        source_hash: sha256:3209ef929f43
        output_hash: sha256:d799f5557177
        output_lines: 12
        generated_code: |
          def multiply(a: float, b: float) -> float:
              """
              Multiply two numbers
          
              Args:
                  a: number
                  b: number
          
              Returns:
                  a × b
              """
              return a * b

targets:
  python:
    file: F:\Github\mnehmos.nls.lang\examples\math.py
    hash: sha256:1bbe94d18913
    lines: 35