# DO NOT EDIT - Generated by nlsc
# 2026-01-16T01:10:22.882750+00:00

schema_version: 1
generated_at: 2026-01-16T01:10:22.882750+00:00
compiler_version: 0.1.0
llm_backend: mock

modules:
  math:
    source_hash: sha256:34802dca1236
    anlus:
      add:
        source_hash: sha256:815e0efab0f2
        output_hash: sha256:7e9e5ac30f22
        output_lines: 0
      multiply:
        source_hash: sha256:3209ef929f43
        output_hash: sha256:0d31bc618d28
        output_lines: 0

targets:
  python:
    file: examples\math.py
    hash: sha256:1b1a9b4bc21d
    lines: 33