# DO NOT EDIT - Generated by nlsc
# 2026-01-19T00:56:06.833328+00:00

schema_version: 1
generated_at: 2026-01-19T00:56:06.833328+00:00
compiler_version: 0.2.3
llm_backend: mock

modules:
  shop_demo:
    source_hash: sha256:84da5c1d67a0
    anlus:
      divide:
        source_hash: sha256:5ead58df8b1b
        output_hash: sha256:2f3f5f06899a
        output_lines: 15
        generated_code: |
          def divide(numerator: float, divisor: float) -> float:
              """
              Divide two numbers safely.
          
              Args:
                  numerator: number
                  divisor: number
          
              Returns:
                  numerator / divisor
              """
              if not (divisor != 0):
                  raise ValueError('Cannot divide by zero')
              result = numerator / divisor
              return numerator / divisor
      calculate-discount:
        source_hash: sha256:ab25c3ae29c8
        output_hash: sha256:b59fec4ef513
        output_lines: 18
        generated_code: |
          def calculate_discount(price: float, discount_percent: float) -> Any:
              """
              Calculate a discounted final price.
          
              Args:
                  price: number
                  discount_percent: number
          
              Returns:
                  price - price * (discount_percent / 100)
              """
              if not (discount_percent >= 0):
                  raise ValueError('discount_percent must be >= 0')
              if not (discount_percent <= 100):
                  raise ValueError('discount_percent must be <= 100')
              discount_amount = price * (discount_percent / 100)
              final_price = price - discount_amount
              return price - price * (discount_percent / 100)

targets:
  python:
    file: examples\shop_demo.py
    hash: sha256:034fdd6ea08f
    lines: 44