# DO NOT EDIT - Generated by nlsc
# 2026-09-13T18:04:49.812454+00:00

schema_version: 1
generated_at: 2026-09-13T18:04:49.812454+00:00
compiler_version: 0.2.5
llm_backend: mock

modules:
  sorting_ja:
    source_hash: sha256:56a633df204e
    anlus:
      クイックソート:
        source_hash: sha256:c1ea464aa633
        output_hash: sha256:5da9d6f01c70
        output_lines: 31
        generated_code: |
          def クイックソート(項目: list[float]) -> list[float]:
              """
              数値のリストをクイックソートで並べ替える
          
              Args:
                  項目: list of number
          
              Returns:
                  整列済みの小さい項目 + 等しい項目 + 整列済みの大きい項目
              """
              if len(項目) < 2:
                  return 項目
              ピボット = 項目[0]
              小さい項目 = []
              for 要素 in 項目:
                  if not (要素 < ピボット):
                      continue
                  小さい項目 = 小さい項目 + [要素]
              等しい項目 = []
              for 要素 in 項目:
                  if not (要素 == ピボット):
                      continue
                  等しい項目 = 等しい項目 + [要素]
              大きい項目 = []
              for 要素 in 項目:
                  if not (要素 > ピボット):
                      continue
                  大きい項目 = 大きい項目 + [要素]
              整列済みの小さい項目 = クイックソート(小さい項目)
              整列済みの大きい項目 = クイックソート(大きい項目)
              return 整列済みの小さい項目 + 等しい項目 + 整列済みの大きい項目

targets:
  python:
    file: examples\sorting_ja.py
    hash: sha256:947906cd2008
    lines: 40
    semantics_version: py-3