# DO NOT EDIT - Generated by nlsc
# 2026-04-01T21:55:16.454741+00:00

schema_version: 1
generated_at: 2026-04-01T21:55:16.454741+00:00
compiler_version: 0.2.5
llm_backend: mock

modules:
  sorting_ja:
    source_hash: sha256:6a7ea600b092
    anlus:
      クイックソート:
        source_hash: sha256:6701491e7365
        output_hash: sha256:5880ff27eddd
        output_lines: 19
        generated_code: |
          def クイックソート(項目: list[float]) -> list[float]:
              """
              数値のリストをクイックソートで並べ替える
          
              Args:
                  項目: list of number
          
              Returns:
                  整列済みの小さい項目 + 等しい項目 + 整列済みの大きい項目
              """
              if len(項目) < 2:
                  return 項目
              ピボット = 項目[0]
              小さい項目 = [要素 for 要素 in 項目 if 要素 < ピボット]
              等しい項目 = [要素 for 要素 in 項目 if 要素 == ピボット]
              大きい項目 = [要素 for 要素 in 項目 if 要素 > ピボット]
              整列済みの小さい項目 = クイックソート(小さい項目)
              整列済みの大きい項目 = クイックソート(大きい項目)
              return 整列済みの小さい項目 + 等しい項目 + 整列済みの大きい項目

targets:
  python:
    file: examples\sorting_ja.py
    hash: sha256:891204c602ab
    lines: 28