# DO NOT EDIT - Generated by nlsc
# 2026-09-12T23:41:43.462392+00:00

schema_version: 1
generated_at: 2026-09-12T23:41:43.462392+00:00
compiler_version: 0.2.5
llm_backend: mock

modules:
  sorting_ts:
    source_hash: sha256:7cd732727ddb
    anlus:
      quick-sort:
        source_hash: sha256:0634b57d540d
        output_hash: sha256:4de684b4bb8b
        output_lines: 12
        generated_code: |
          export function quick_sort(items: number[]): number[] {
            if (__nls_truthy(__nls_len(items) < 2)) {
              return items;
            }
            const pivot = items[0];
            const lesser = items.filter((x) => x < pivot);
            const equal = items.filter((x) => __nls_eq(x, pivot));
            const greater = items.filter((x) => x > pivot);
            const sorted_lesser = quick_sort(lesser);
            const sorted_greater = quick_sort(greater);
            return [...sorted_lesser, ...equal, ...sorted_greater];
          }

targets:
  typescript:
    file: examples\sorting_ts.ts
    hash: sha256:46f1f4a7babc
    lines: 91
    semantics_version: ts-2