# DO NOT EDIT - Generated by nlsc
# 2026-04-02T03:43:05.688699+00:00

schema_version: 1
generated_at: 2026-04-02T03:43:05.688699+00:00
compiler_version: 0.2.5
llm_backend: mock

modules:
  sorting_ts:
    source_hash: sha256:7cd732727ddb
    anlus:
      quick-sort:
        source_hash: sha256:80bff93288c5
        output_hash: sha256:8b6107c44df1
        output_lines: 12
        generated_code: |
          export function quick_sort(items: number[]): number[] {
            if (items.length < 2) {
              return items;
            }
            const pivot = items[0];
            const lesser = items.filter((x) => x < pivot);
            const equal = items.filter((x) => x === pivot);
            const greater = items.filter((x) => x > pivot);
            const sorted_lesser = quick_sort(lesser);
            const sorted_greater = quick_sort(greater);
            return [...sorted_lesser, ...equal, ...sorted_greater];
          }

targets:
  typescript:
    file: examples\sorting_ts.ts
    hash: sha256:f4c9a03731c4
    lines: 23