# DO NOT EDIT - Generated by nlsc
# 2026-09-13T18:04:52.358127+00:00

schema_version: 1
generated_at: 2026-09-13T18:04:52.358127+00:00
compiler_version: 0.2.5
llm_backend: mock

modules:
  sorting_ts:
    source_hash: sha256:3f955417daa2
    anlus:
      quick-sort:
        source_hash: sha256:0ad14c67d995
        output_hash: sha256:9adc14a168dd
        output_lines: 24
        generated_code: |
          export function quick_sort(items: number[]): number[] {
            if (__nls_truthy(__nls_len(items) < 2)) {
              return items;
            }
            const pivot = items[0];
            let lesser: any = [];
            for (const x of items) {
              if (!__nls_truthy(x < pivot)) { continue; }
              lesser = [...lesser, x];
            }
            let equal: any = [];
            for (const x of items) {
              if (!__nls_truthy(__nls_eq(x, pivot))) { continue; }
              equal = [...equal, x];
            }
            let greater: any = [];
            for (const x of items) {
              if (!__nls_truthy(x > pivot)) { continue; }
              greater = [...greater, x];
            }
            const sorted_lesser = quick_sort(lesser);
            const sorted_greater = quick_sort(greater);
            return [...sorted_lesser, ...equal, ...sorted_greater];
          }

targets:
  typescript:
    file: examples\sorting_ts.ts
    hash: sha256:9ab6100d05b3
    lines: 102
    semantics_version: ts-2