# DO NOT EDIT - Generated by nlsc
# 2026-09-13T18:04:49.427935+00:00

schema_version: 1
generated_at: 2026-09-13T18:04:49.427935+00:00
compiler_version: 0.2.5
llm_backend: mock

modules:
  sorting:
    source_hash: sha256:8cabeeda117f
    anlus:
      quick-sort:
        source_hash: sha256:0ad14c67d995
        output_hash: sha256:1b2cfdc72fef
        output_lines: 31
        generated_code: |
          def quick_sort(items: list[float]) -> list[float]:
              """
              Sort a list of numbers using the quicksort algorithm
          
              Args:
                  items: list of number
          
              Returns:
                  sorted_lesser + equal + sorted_greater
              """
              if len(items) < 2:
                  return items
              pivot = items[0]
              lesser = []
              for x in items:
                  if not (x < pivot):
                      continue
                  lesser = lesser + [x]
              equal = []
              for x in items:
                  if not (x == pivot):
                      continue
                  equal = equal + [x]
              greater = []
              for x in items:
                  if not (x > pivot):
                      continue
                  greater = greater + [x]
              sorted_lesser = quick_sort(lesser)
              sorted_greater = quick_sort(greater)
              return sorted_lesser + equal + sorted_greater

targets:
  python:
    file: examples\sorting.py
    hash: sha256:f6a9ba7d5f79
    lines: 40
    semantics_version: py-3