# DO NOT EDIT - Generated by nlsc
# 2026-09-13T18:13:18.865408+00:00

schema_version: 1
generated_at: 2026-09-13T18:13:18.865408+00:00
compiler_version: 0.2.5
llm_backend: mock

modules:
  sorting:
    source_hash: sha256:8cabeeda117f
    anlus:
      quick-sort:
        source_hash: sha256:0ad14c67d995
        output_hash: sha256:71612a93ad48
        output_lines: 28
        generated_code: |
          def quick_sort(items: list[float]) -> list[float]:
              """
              Sort a list of numbers using the quicksort algorithm
          
              Args:
                  items: list of number
          
              Returns:
                  sorted_lesser + equal + sorted_greater
              """
              if len(items) < 2:
                  return items
              pivot = items[0]
              lesser = []
              for x in items:
                  if x < pivot:
                      lesser = lesser + [x]
              equal = []
              for x in items:
                  if x == pivot:
                      equal = equal + [x]
              greater = []
              for x in items:
                  if x > pivot:
                      greater = greater + [x]
              sorted_lesser = quick_sort(lesser)
              sorted_greater = quick_sort(greater)
              return sorted_lesser + equal + sorted_greater

targets:
  python:
    file: examples\sorting.py
    hash: sha256:e9bfe895bc0e
    lines: 37
    semantics_version: py-3