# DO NOT EDIT - Generated by nlsc
# 2026-04-01T21:53:53.072578+00:00

schema_version: 1
generated_at: 2026-04-01T21:53:53.072578+00:00
compiler_version: 0.2.5
llm_backend: mock

modules:
  sorting:
    source_hash: sha256:384171da2a4b
    anlus:
      quick-sort:
        source_hash: sha256:80bff93288c5
        output_hash: sha256:6d0caab51da3
        output_lines: 19
        generated_code: |
          def quick_sort(items: list[float]) -> list[float]:
              """
              Sort a list of numbers using the quicksort algorithm
          
              Args:
                  items: list of number
          
              Returns:
                  sorted_lesser + equal + sorted_greater
              """
              if len(items) < 2:
                  return items
              pivot = items[0]
              lesser = [x for x in items if x < pivot]
              equal = [x for x in items if x == pivot]
              greater = [x for x in items if x > pivot]
              sorted_lesser = quick_sort(lesser)
              sorted_greater = quick_sort(greater)
              return sorted_lesser + equal + sorted_greater

targets:
  python:
    file: examples\sorting.py
    hash: sha256:2e1b3e6dc6e5
    lines: 28