# DO NOT EDIT - Generated by nlsc
# 2026-09-13T18:13:19.464101+00:00

schema_version: 1
generated_at: 2026-09-13T18:13:19.464101+00:00
compiler_version: 0.2.5
llm_backend: mock

modules:
  strings:
    source_hash: sha256:61182991266c
    anlus:
      is-empty:
        source_hash: sha256:3e6d92aeec16
        output_hash: sha256:a655f007cf16
        output_lines: 11
        generated_code: |
          def is_empty(text: str) -> float:
              """
              Check if a string is empty or whitespace only
          
              Args:
                  text: string
          
              Returns:
                  len(text.strip()) == 0
              """
              return len(text.strip()) == 0
      truncate:
        source_hash: sha256:fa25719b2f53
        output_hash: sha256:0925193f0e61
        output_lines: 18
        generated_code: |
          def truncate(text: str, max_length: float) -> Any:
              """
              Shorten text to a maximum length with ellipsis
          
              Args:
                  text: string
                  max_length: number
          
              Returns:
                  result
              """
              if not (max_length >= 4):
                  raise ValueError('max_length must be >= 4')
              if len(text) <= max_length:
                  result = text
              else:
                  result = ellipsised(text, max_length)
              return result
      title-case:
        source_hash: sha256:d0482daa9e8c
        output_hash: sha256:7750b35c6d0a
        output_lines: 14
        generated_code: |
          def title_case(text: str) -> Any:
              """
              Convert text to title case
          
              Args:
                  text: string
          
              Returns:
                  text.title()
              """
              return text.title()
          
          
          # --- Literal blocks ---

targets:
  python:
    file: examples\strings.py
    hash: sha256:f857cd8fdbd0
    lines: 68
    semantics_version: py-3