# DO NOT EDIT - Generated by nlsc
# 2026-09-12T23:41:43.929608+00:00

schema_version: 1
generated_at: 2026-09-12T23:41:43.929608+00:00
compiler_version: 0.2.5
llm_backend: mock

modules:
  strings:
    source_hash: sha256:020ddb0842f2
    anlus:
      is-empty:
        source_hash: sha256:159e7431d016
        output_hash: sha256:cac09fb33b6d
        output_lines: 11
        generated_code: |
          def is_empty(text: str) -> Any:
              """
              Check if a string is empty or whitespace only
          
              Args:
                  text: string
          
              Returns:
                  not text or text.isspace()
              """
              return not text or text.isspace()
      truncate:
        source_hash: sha256:2b162f915a68
        output_hash: sha256:dc41be694f84
        output_lines: 14
        generated_code: |
          def truncate(text: str, max_length: float) -> Any:
              """
              Shorten text to a maximum length with ellipsis
          
              Args:
                  text: string
                  max_length: number
          
              Returns:
                  text if len(text) <= max_length else text[:int(max_length) - 3] + "..."
              """
              if not (max_length >= 4):
                  raise ValueError('max_length must be >= 4')
              return text if len(text) <= max_length else text[:int(max_length) - 3] + "..."
      slugify:
        source_hash: sha256:fb62b49395de
        output_hash: sha256:3e62fff91d6e
        output_lines: 11
        generated_code: |
          def slugify(text: str) -> Any:
              """
              Convert text to URL-friendly slug format
          
              Args:
                  text: string
          
              Returns:
                  '-'.join(filter(None, ''.join(c if c.isalnum() else '-' for c in text.lower().strip()).split('-')))
              """
              return '-'.join(filter(None, ''.join(c if c.isalnum() else '-' for c in text.lower().strip()).split('-')))
      title-case:
        source_hash: sha256:d0482daa9e8c
        output_hash: sha256:86fddbb17d1a
        output_lines: 11
        generated_code: |
          def title_case(text: str) -> Any:
              """
              Convert text to title case
          
              Args:
                  text: string
          
              Returns:
                  text.title()
              """
              return text.title()

targets:
  python:
    file: examples\strings.py
    hash: sha256:e295cf146124
    lines: 65
    semantics_version: py-3