# DO NOT EDIT - Generated by nlsc
# 2026-01-16T18:45:04.300902+00:00

schema_version: 1
generated_at: 2026-01-16T18:45:04.300902+00:00
compiler_version: 0.1.0
llm_backend: mock

modules:
  strings:
    source_hash: sha256:1360742352e8
    anlus:
      is-empty:
        source_hash: sha256:89a3412e1799
        output_hash: sha256:fe85b1eaac97
        output_lines: 0
      truncate:
        source_hash: sha256:62f8e2b18f48
        output_hash: sha256:5a3a4ee420c2
        output_lines: 0
      slugify:
        source_hash: sha256:156ec9b2e01c
        output_hash: sha256:a82dcddba426
        output_lines: 0
      title-case:
        source_hash: sha256:0f697eb0a6fb
        output_hash: sha256:b2af247fde2f
        output_lines: 0

targets:
  python:
    file: examples\strings.py
    hash: sha256:d3406164b3ed
    lines: 70