# DO NOT EDIT - Generated by nlsc
# 2026-09-12T23:41:45.093944+00:00

schema_version: 1
generated_at: 2026-09-12T23:41:45.093944+00:00
compiler_version: 0.2.5
llm_backend: mock

modules:
  ex_branches:
    source_hash: sha256:34b1885b6335
    anlus:
      grade:
        source_hash: sha256:32296b8ad5fb
        output_hash: sha256:ab2561d19622
        output_lines: 17
        generated_code: |
          def grade(score: float) -> Any:
              """
              Letter grade for a passing-or-distinction score
          
              Args:
                  score: number
          
              Returns:
                  letter
              """
              if not (score >= 0):
                  raise ValueError('score cannot be negative')
              if score >= 90:
                  letter = "A"
              else:
                  letter = "B"
              return letter
      pass-fail:
        source_hash: sha256:f459a52f6e34
        output_hash: sha256:f0c8a73b700b
        output_lines: 15
        generated_code: |
          def pass_fail(score: float) -> Any:
              """
              Pass or fail on every path
          
              Args:
                  score: number
          
              Returns:
                  band
              """
              if score >= 50:
                  band = "pass"
              else:
                  band = "fail"
              return band
      bucket:
        source_hash: sha256:74b7efd53bd8
        output_hash: sha256:21628ceb750e
        output_lines: 26
        generated_code: |
          def bucket(high: bool, fast: bool) -> Any:
              """
              Nested joins across two booleans
          
              Args:
                  high: boolean
                  fast: boolean
          
              Returns:
                  total
              """
              if high:
                  weight = 2
              else:
                  weight = 1
              if fast:
                  total = weight + 10
              else:
                  total = weight - 1
              return total
          
          
          
          if __name__ == '__main__':
              print(grade(95))
              print(bucket(True, True))

targets:
  python:
    file: examples\features\branches.py
    hash: sha256:ceb0e4ef6b1f
    lines: 72
    semantics_version: py-3