# DO NOT EDIT - Generated by nlsc
# 2026-09-10T18:12:26.685049+00:00

schema_version: 1
generated_at: 2026-09-10T18:12:26.685049+00:00
compiler_version: 0.2.5
llm_backend: mock

modules:
  ex_branches:
    source_hash: sha256:34b1885b6335
    anlus:
      grade:
        source_hash: sha256:38c3ed4690c2
        output_hash: sha256:ab2561d19622
        output_lines: 17
        generated_code: |
          def grade(score: float) -> Any:
              """
              Letter grade for a passing-or-distinction score
          
              Args:
                  score: number
          
              Returns:
                  letter
              """
              if not (score >= 0):
                  raise ValueError('score cannot be negative')
              if score >= 90:
                  letter = "A"
              else:
                  letter = "B"
              return letter
      pass-fail:
        source_hash: sha256:91340599d22a
        output_hash: sha256:f0c8a73b700b
        output_lines: 15
        generated_code: |
          def pass_fail(score: float) -> Any:
              """
              Pass or fail on every path
          
              Args:
                  score: number
          
              Returns:
                  band
              """
              if score >= 50:
                  band = "pass"
              else:
                  band = "fail"
              return band
      bucket:
        source_hash: sha256:cf70bf5800d7
        output_hash: sha256:c5879b8d250c
        output_lines: 0

targets:
  python:
    file: examples\features\branches.py
    hash: sha256:ceb0e4ef6b1f
    lines: 72