# DO NOT EDIT - Generated by nlsc
# 2026-09-10T18:12:27.107037+00:00

schema_version: 1
generated_at: 2026-09-10T18:12:27.107037+00:00
compiler_version: 0.2.5
llm_backend: mock

modules:
  ex_composition:
    source_hash: sha256:a76e69fdc374
    anlus:
      net-price:
        source_hash: sha256:19eaa5d2e303
        output_hash: sha256:ed16ba3d91e2
        output_lines: 16
        generated_code: |
          def net_price(price: float, discount_percent: float) -> Any:
              """
              Price after a percentage discount
          
              Args:
                  price: number
                  discount_percent: number
          
              Returns:
                  price * (1 - discount_percent / 100)
              """
              if not (discount_percent >= 0):
                  raise ValueError('discount cannot be negative')
              if not (discount_percent <= 100):
                  raise ValueError('discount cannot exceed 100')
              return price * (1 - discount_percent / 100)
      tax:
        source_hash: sha256:0ddcad427ead
        output_hash: sha256:5bd4adec143f
        output_lines: 12
        generated_code: |
          def tax(amount: float, rate_percent: float) -> float:
              """
              Tax on an amount
          
              Args:
                  amount: number
                  rate_percent: number
          
              Returns:
                  amount * rate_percent / 100
              """
              return amount * rate_percent / 100
      invoice-total:
        source_hash: sha256:a8cf3a6a49cf
        output_hash: sha256:6940cfa46a33
        output_lines: 0

targets:
  python:
    file: examples\features\composition.py
    hash: sha256:84c5566cde1b
    lines: 63