# DO NOT EDIT - Generated by nlsc
# 2026-09-12T23:41:45.551325+00:00

schema_version: 1
generated_at: 2026-09-12T23:41:45.551325+00:00
compiler_version: 0.2.5
llm_backend: mock

modules:
  ex_composition:
    source_hash: sha256:a76e69fdc374
    anlus:
      net-price:
        source_hash: sha256:f27f77a6a240
        output_hash: sha256:ed16ba3d91e2
        output_lines: 16
        generated_code: |
          def net_price(price: float, discount_percent: float) -> Any:
              """
              Price after a percentage discount
          
              Args:
                  price: number
                  discount_percent: number
          
              Returns:
                  price * (1 - discount_percent / 100)
              """
              if not (discount_percent >= 0):
                  raise ValueError('discount cannot be negative')
              if not (discount_percent <= 100):
                  raise ValueError('discount cannot exceed 100')
              return price * (1 - discount_percent / 100)
      tax:
        source_hash: sha256:4c068b6ed08a
        output_hash: sha256:5bd4adec143f
        output_lines: 12
        generated_code: |
          def tax(amount: float, rate_percent: float) -> float:
              """
              Tax on an amount
          
              Args:
                  amount: number
                  rate_percent: number
          
              Returns:
                  amount * rate_percent / 100
              """
              return amount * rate_percent / 100
      invoice-total:
        source_hash: sha256:9a8b91bd8e16
        output_hash: sha256:df2d4ee30f4e
        output_lines: 21
        generated_code: |
          def invoice_total(price: float, discount_percent: float, tax_percent: float) -> float:
              """
              Net price plus tax, composed from two operations
          
              Args:
                  price: number
                  discount_percent: number
                  tax_percent: number
          
              Returns:
                  total
              """
              net = net_price(price, discount_percent)
              tax_amount = tax(net, tax_percent)
              total = net + tax_amount
              return total
          
          
          
          if __name__ == '__main__':
              print(invoice_total(100, 10, 20))

targets:
  python:
    file: examples\features\composition.py
    hash: sha256:84c5566cde1b
    lines: 63
    semantics_version: py-3