# DO NOT EDIT - Generated by nlsc
# 2026-09-12T23:41:45.984313+00:00

schema_version: 1
generated_at: 2026-09-12T23:41:45.984313+00:00
compiler_version: 0.2.5
llm_backend: mock

modules:
  ex_edge_cases:
    source_hash: sha256:fa19879e6bb5
    anlus:
      safe-divide:
        source_hash: sha256:7b721946357d
        output_hash: sha256:8e854ac229ed
        output_lines: 15
        generated_code: |
          def safe_divide(numerator: float, divisor: float) -> float:
              """
              Divide with explicit boundary handling
          
              Args:
                  numerator: number
                  divisor: number
          
              Returns:
                  quotient
              """
              if divisor == 0:
                  return 0
              quotient = numerator / divisor
              return quotient
      clamp:
        source_hash: sha256:6677c48b1bd5
        output_hash: sha256:5d5797afb417
        output_lines: 24
        generated_code: |
          def clamp(value: float, low: float, high: float) -> Any:
              """
              Clamp a value into a range
          
              Args:
                  value: number
                  low: number
                  high: number
          
              Returns:
                  bounded
              """
              if value < low:
                  return low
              if value > high:
                  return high
              bounded = value
              return bounded
          
          
          
          if __name__ == '__main__':
              print(safe_divide(7, 0))
              print(clamp(150, 0, 100))

targets:
  python:
    file: examples\features\edge_cases.py
    hash: sha256:4ee979110ee0
    lines: 51
    semantics_version: py-3