# DO NOT EDIT - Generated by nlsc
# 2026-09-10T18:12:27.610693+00:00

schema_version: 1
generated_at: 2026-09-10T18:12:27.610693+00:00
compiler_version: 0.2.5
llm_backend: mock

modules:
  ex_edge_cases:
    source_hash: sha256:fa19879e6bb5
    anlus:
      safe-divide:
        source_hash: sha256:446361f95211
        output_hash: sha256:8e854ac229ed
        output_lines: 15
        generated_code: |
          def safe_divide(numerator: float, divisor: float) -> float:
              """
              Divide with explicit boundary handling
          
              Args:
                  numerator: number
                  divisor: number
          
              Returns:
                  quotient
              """
              if divisor == 0:
                  return 0
              quotient = numerator / divisor
              return quotient
      clamp:
        source_hash: sha256:8589eac0bc48
        output_hash: sha256:d5fde054c770
        output_lines: 0

targets:
  python:
    file: examples\features\edge_cases.py
    hash: sha256:4ee979110ee0
    lines: 51