# DO NOT EDIT - Generated by nlsc
# 2026-09-12T23:41:46.386061+00:00

schema_version: 1
generated_at: 2026-09-12T23:41:46.386061+00:00
compiler_version: 0.2.5
llm_backend: mock

modules:
  ex_equality:
    source_hash: sha256:f249beb24e52
    anlus:
      same-shape:
        source_hash: sha256:7adb4a26702a
        output_hash: sha256:b4a1d42b424b
        output_lines: 12
        generated_code: |
          def same_shape(a: Point, b: Point) -> Any:
              """
              Do two points describe the same location?
          
              Args:
                  a: Point
                  b: Point
          
              Returns:
                  a == b
              """
              return a == b
      same-items:
        source_hash: sha256:a9251da75e8a
        output_hash: sha256:47f65595d44b
        output_lines: 18
        generated_code: |
          def same_items(left: list[float], right: list[float]) -> Any:
              """
              Do two lists hold equal contents?
          
              Args:
                  left: list of number
                  right: list of number
          
              Returns:
                  left == right
              """
              return left == right
          
          
          
          if __name__ == '__main__':
              print(same_shape(Point(x = 1, y = 2), Point(x = 1, y = 2)))
              print(same_items([1, 2], [1, 2]))

targets:
  python:
    file: examples\features\equality.py
    hash: sha256:2d909f746f7f
    lines: 49
    semantics_version: py-3