# DO NOT EDIT - Generated by nlsc
# 2026-09-10T18:12:28.095736+00:00

schema_version: 1
generated_at: 2026-09-10T18:12:28.095736+00:00
compiler_version: 0.2.5
llm_backend: mock

modules:
  ex_equality:
    source_hash: sha256:f249beb24e52
    anlus:
      same-shape:
        source_hash: sha256:3f3050a92d44
        output_hash: sha256:79df39d8845c
        output_lines: 18
        generated_code: |
          @dataclass
          class Point:
              x: float
              y: float
          
          
          def same_shape(a: Point, b: Point) -> Any:
              """
              Do two points describe the same location?
          
              Args:
                  a: Point
                  b: Point
          
              Returns:
                  a == b
              """
              return a == b
      same-items:
        source_hash: sha256:21112b449977
        output_hash: sha256:0791cc46b9f6
        output_lines: 0

targets:
  python:
    file: examples\features\equality.py
    hash: sha256:2d909f746f7f
    lines: 49