# DO NOT EDIT - Generated by nlsc
# 2026-09-10T18:12:28.582243+00:00

schema_version: 1
generated_at: 2026-09-10T18:12:28.582243+00:00
compiler_version: 0.2.5
llm_backend: mock

modules:
  ex_fsm:
    source_hash: sha256:14866316e0a7
    anlus:
      order-flow:
        source_hash: sha256:6fdf1a621f9e
        output_hash: sha256:4b560d0272a2
        output_lines: 0

targets:
  python:
    file: examples\features\fsm.py
    hash: sha256:cbb1cb667df1
    lines: 31