# DO NOT EDIT - Generated by nlsc
# 2026-09-12T23:41:46.774398+00:00

schema_version: 1
generated_at: 2026-09-12T23:41:46.774398+00:00
compiler_version: 0.2.5
llm_backend: mock

modules:
  ex_fsm:
    source_hash: sha256:14866316e0a7
    anlus:
      order-flow:
        source_hash: sha256:26df001c7fd8
        output_hash: sha256:578a392db7f7
        output_lines: 21
        generated_code: |
          def order_flow(total: float) -> Any:
              """
              Walk an order through draft, confirmed, and shipped states
          
              Args:
                  total: number
          
              Returns:
                  shipped_total
              """
              if not (total > 0):
                  raise ValueError('order needs a positive total')
              draft_total = total
              confirmed_total = draft_total * 1.08
              shipped_total = confirmed_total
              return shipped_total
          
          
          
          if __name__ == '__main__':
              print(order_flow(100))

targets:
  python:
    file: examples\features\fsm.py
    hash: sha256:cbb1cb667df1
    lines: 31
    semantics_version: py-3