# DO NOT EDIT - Generated by nlsc
# 2026-09-10T18:12:29.130732+00:00

schema_version: 1
generated_at: 2026-09-10T18:12:29.130732+00:00
compiler_version: 0.2.5
llm_backend: mock

modules:
  ex_guards:
    source_hash: sha256:59c0fbf4b5d4
    anlus:
      withdraw:
        source_hash: sha256:bdbe17da37fd
        output_hash: sha256:c26f22db83dc
        output_lines: 0

targets:
  python:
    file: examples\features\guards.py
    hash: sha256:73988469a890
    lines: 40