# DO NOT EDIT - Generated by nlsc
# 2026-09-12T23:41:47.217783+00:00

schema_version: 1
generated_at: 2026-09-12T23:41:47.217783+00:00
compiler_version: 0.2.5
llm_backend: mock

modules:
  ex_guards:
    source_hash: sha256:59c0fbf4b5d4
    anlus:
      withdraw:
        source_hash: sha256:cb3ce8d8e24c
        output_hash: sha256:7b1b304b8df7
        output_lines: 23
        generated_code: |
          def withdraw(balance: float, amount: float) -> float:
              """
              Withdraw from an account balance with full validation
          
              Args:
                  balance: number
                  amount: number
          
              Returns:
                  balance - amount
              """
              if not (amount > 0):
                  raise ValueError('amount must be positive')
              if not (amount <= balance):
                  __nls_error = InsufficientFunds('amount exceeds balance')
                  __nls_error.code = 'OVERDRAW'
                  raise __nls_error
              return balance - amount
          
          
          
          if __name__ == '__main__':
              print(withdraw(100, 30))

targets:
  python:
    file: examples\features\guards.py
    hash: sha256:61a10071e7ad
    lines: 42
    semantics_version: py-3