# DO NOT EDIT - Generated by nlsc
# 2026-09-12T23:41:47.590324+00:00

schema_version: 1
generated_at: 2026-09-12T23:41:47.590324+00:00
compiler_version: 0.2.5
llm_backend: mock

modules:
  ex_imports:
    source_hash: sha256:257c08069a7b
    anlus:
      hypotenuse:
        source_hash: sha256:fa78c33aed9b
        output_hash: sha256:9259c952cb5c
        output_lines: 17
        generated_code: |
          def hypotenuse(a: float, b: float) -> Any:
              """
              Length of the hypotenuse
          
              Args:
                  a: number
                  b: number
          
              Returns:
                  math.sqrt(a * a + b * b)
              """
              return math.sqrt(a * a + b * b)
          
          
          
          if __name__ == '__main__':
              print(hypotenuse(3, 4))

targets:
  python:
    file: examples\features\imports.py
    hash: sha256:84710037786f
    lines: 29
    semantics_version: py-3