# DO NOT EDIT - Generated by nlsc
# 2026-09-10T18:12:29.541923+00:00

schema_version: 1
generated_at: 2026-09-10T18:12:29.541923+00:00
compiler_version: 0.2.5
llm_backend: mock

modules:
  ex_imports:
    source_hash: sha256:257c08069a7b
    anlus:
      hypotenuse:
        source_hash: sha256:49bc5a30a4a4
        output_hash: sha256:eefd68e8c0a2
        output_lines: 0

targets:
  python:
    file: examples\features\imports.py
    hash: sha256:84710037786f
    lines: 29