# DO NOT EDIT - Generated by nlsc
# 2026-09-10T18:12:30.024963+00:00

schema_version: 1
generated_at: 2026-09-10T18:12:30.024963+00:00
compiler_version: 0.2.5
llm_backend: mock

modules:
  ex_lists:
    source_hash: sha256:7866bce9c7f5
    anlus:
      stats:
        source_hash: sha256:51c3dd64e669
        output_hash: sha256:4ee77d23f592
        output_lines: 19
        generated_code: |
          @dataclass
          class Basket:
              prices: list[float]
          
          
          def stats(prices: list[float]) -> Any:
              """
              Count, total, and largest price as a list
          
              Args:
                  prices: list of number
          
              Returns:
                  [count, total, largest]
              """
              count = len(prices)
              total = sum(prices)
              largest = max(prices)
              return [count, total, largest]
      first-price:
        source_hash: sha256:2168ff61e3e1
        output_hash: sha256:cdd483bf31d9
        output_lines: 0

targets:
  python:
    file: examples\features\lists.py
    hash: sha256:e60c9f34b771
    lines: 53