# DO NOT EDIT - Generated by nlsc
# 2026-09-12T23:41:47.997852+00:00

schema_version: 1
generated_at: 2026-09-12T23:41:47.997852+00:00
compiler_version: 0.2.5
llm_backend: mock

modules:
  ex_lists:
    source_hash: sha256:7866bce9c7f5
    anlus:
      stats:
        source_hash: sha256:b73b4b0170e9
        output_hash: sha256:970c65b5a4f3
        output_lines: 14
        generated_code: |
          def stats(prices: list[float]) -> Any:
              """
              Count, total, and largest price as a list
          
              Args:
                  prices: list of number
          
              Returns:
                  [count, total, largest]
              """
              count = len(prices)
              total = sum(prices)
              largest = max(prices)
              return [count, total, largest]
      first-price:
        source_hash: sha256:1ada0089111b
        output_hash: sha256:bebd68c80961
        output_lines: 21
        generated_code: |
          def first_price(prices: list[float]) -> Any:
              """
              First price, or 0 when empty
          
              Args:
                  prices: list of number
          
              Returns:
                  head
              """
              if len(prices) > 0:
                  head = prices[0]
              else:
                  head = 0
              return head
          
          
          
          if __name__ == '__main__':
              print(stats([10, 25, 5]))
              print(first_price([]))

targets:
  python:
    file: examples\features\lists.py
    hash: sha256:e60c9f34b771
    lines: 53
    semantics_version: py-3