# DO NOT EDIT - Generated by nlsc
# 2026-09-10T18:12:30.432043+00:00

schema_version: 1
generated_at: 2026-09-10T18:12:30.432043+00:00
compiler_version: 0.2.5
llm_backend: mock

modules:
  ex_literals:
    source_hash: sha256:db2e87ed9432
    anlus:
      slug-and-check:
        source_hash: sha256:8bd6b62393ef
        output_hash: sha256:08f067f87302
        output_lines: 0

targets:
  python:
    file: examples\features\literals.py
    hash: sha256:cc06a8825c4a
    lines: 39