# DO NOT EDIT - Generated by nlsc
# 2026-09-12T23:41:48.442769+00:00

schema_version: 1
generated_at: 2026-09-12T23:41:48.442769+00:00
compiler_version: 0.2.5
llm_backend: mock

modules:
  ex_literals:
    source_hash: sha256:db2e87ed9432
    anlus:
      slug-and-check:
        source_hash: sha256:8ceb5f1124cb
        output_hash: sha256:247213059942
        output_lines: 19
        generated_code: |
          def slug_and_check(text: str) -> Any:
              """
              Use the literal implementation from ordinary NLS logic
          
              Args:
                  text: string
          
              Returns:
                  result
              """
              slug = slugify(text)
              if len(slug) > 0:
                  result = slug
              else:
                  result = "empty"
              return result
          
          
          # --- Literal blocks ---

targets:
  python:
    file: examples\features\literals.py
    hash: sha256:cc06a8825c4a
    lines: 39
    semantics_version: py-3