# DO NOT EDIT - Generated by nlsc
# 2026-09-10T18:12:30.899164+00:00

schema_version: 1
generated_at: 2026-09-10T18:12:30.899164+00:00
compiler_version: 0.2.5
llm_backend: mock

modules:
  ex_optionals:
    source_hash: sha256:d3cdf59e89b2
    anlus:
      greet:
        source_hash: sha256:50c2a56bb4b7
        output_hash: sha256:af489c5ec5c9
        output_lines: 16
        generated_code: |
          def greet(name: str, title: Optional[str] = None) -> Any:
              """
              Greeting with an optional honorific
          
              Args:
                  name: string
                  title: string
          
              Returns:
                  full
              """
              if title is not None:
                  full = title + " " + name
              else:
                  full = name
              return full
      paginate:
        source_hash: sha256:cd3530d366c5
        output_hash: sha256:9b5357c3d652
        output_lines: 0

targets:
  python:
    file: examples\features\optionals.py
    hash: sha256:fed815fe6f9b
    lines: 51