# DO NOT EDIT - Generated by nlsc
# 2026-09-12T23:41:48.829463+00:00

schema_version: 1
generated_at: 2026-09-12T23:41:48.829463+00:00
compiler_version: 0.2.5
llm_backend: mock

modules:
  ex_optionals:
    source_hash: sha256:d3cdf59e89b2
    anlus:
      greet:
        source_hash: sha256:6ab98ebf133e
        output_hash: sha256:af489c5ec5c9
        output_lines: 16
        generated_code: |
          def greet(name: str, title: Optional[str] = None) -> Any:
              """
              Greeting with an optional honorific
          
              Args:
                  name: string
                  title: string
          
              Returns:
                  full
              """
              if title is not None:
                  full = title + " " + name
              else:
                  full = name
              return full
      paginate:
        source_hash: sha256:e35f70ad5b30
        output_hash: sha256:f1a39a8e0900
        output_lines: 23
        generated_code: |
          def paginate(total: float, page_size: Optional[float] = None) -> float:
              """
              Page size with an optional cap
          
              Args:
                  total: number
                  page_size: number
          
              Returns:
                  pages
              """
              if page_size is not None:
                  size = page_size
              else:
                  size = 25
              pages = total / size
              return pages
          
          
          
          if __name__ == '__main__':
              print(greet("Ada"))
              print(paginate(100))

targets:
  python:
    file: examples\features\optionals.py
    hash: sha256:fed815fe6f9b
    lines: 51
    semantics_version: py-3