# DO NOT EDIT - Generated by nlsc
# 2026-09-12T23:41:49.179729+00:00

schema_version: 1
generated_at: 2026-09-12T23:41:49.179729+00:00
compiler_version: 0.2.5
llm_backend: mock

modules:
  ex_properties:
    source_hash: sha256:22f9e3e4980f
    anlus:
      add:
        source_hash: sha256:e8dc237d6395
        output_hash: sha256:ab692ea265b8
        output_lines: 17
        generated_code: |
          def add(a: float, b: float) -> float:
              """
              Add two numbers
          
              Args:
                  a: number
                  b: number
          
              Returns:
                  a + b
              """
              return a + b
          
          
          
          if __name__ == '__main__':
              print(add(2, 3))

targets:
  python:
    file: examples\features\properties.py
    hash: sha256:61feb8d04a48
    lines: 25
    semantics_version: py-3