# DO NOT EDIT - Generated by nlsc
# 2026-09-10T18:13:12.223155+00:00

schema_version: 1
generated_at: 2026-09-10T18:13:12.223155+00:00
compiler_version: 0.2.5
llm_backend: mock

modules:
  ex_properties:
    source_hash: sha256:22f9e3e4980f
    anlus:
      add:
        source_hash: sha256:e44234daed5c
        output_hash: sha256:7e9e5ac30f22
        output_lines: 0

targets:
  python:
    file: examples\features\properties.py
    hash: sha256:61feb8d04a48
    lines: 25