# DO NOT EDIT - Generated by nlsc
# 2026-09-12T23:41:49.562699+00:00

schema_version: 1
generated_at: 2026-09-12T23:41:49.562699+00:00
compiler_version: 0.2.5
llm_backend: mock

modules:
  ex_recursion:
    source_hash: sha256:bacece883aed
    anlus:
      factorial:
        source_hash: sha256:0879390d0085
        output_hash: sha256:251e6673f96a
        output_lines: 17
        generated_code: |
          def factorial(n: float) -> Any:
              """
              Factorial via self-recursion
          
              Args:
                  n: number
          
              Returns:
                  result
              """
              if not (n >= 0):
                  raise ValueError('n must be non-negative')
              if n <= 1:
                  result = 1
              else:
                  result = n * factorial(n - 1)
              return result
      sum-to:
        source_hash: sha256:c561f7b5f370
        output_hash: sha256:8049dac223e1
        output_lines: 21
        generated_code: |
          def sum_to(n: float) -> Any:
              """
              Triangular sum via self-recursion
          
              Args:
                  n: number
          
              Returns:
                  total
              """
              if n <= 0:
                  total = 0
              else:
                  total = n + sum_to(n - 1)
              return total
          
          
          
          if __name__ == '__main__':
              print(factorial(5))
              print(sum_to(4))

targets:
  python:
    file: examples\features\recursion.py
    hash: sha256:c8b02fcc907d
    lines: 50
    semantics_version: py-3