# DO NOT EDIT - Generated by nlsc
# 2026-09-10T18:12:31.950182+00:00

schema_version: 1
generated_at: 2026-09-10T18:12:31.950182+00:00
compiler_version: 0.2.5
llm_backend: mock

modules:
  ex_recursion:
    source_hash: sha256:bacece883aed
    anlus:
      factorial:
        source_hash: sha256:ccaae6038088
        output_hash: sha256:251e6673f96a
        output_lines: 17
        generated_code: |
          def factorial(n: float) -> Any:
              """
              Factorial via self-recursion
          
              Args:
                  n: number
          
              Returns:
                  result
              """
              if not (n >= 0):
                  raise ValueError('n must be non-negative')
              if n <= 1:
                  result = 1
              else:
                  result = n * factorial(n - 1)
              return result
      sum-to:
        source_hash: sha256:b3e550989265
        output_hash: sha256:125f89d481c9
        output_lines: 0

targets:
  python:
    file: examples\features\recursion.py
    hash: sha256:c8b02fcc907d
    lines: 50