# DO NOT EDIT - Generated by nlsc
# 2026-09-10T18:12:32.404621+00:00

schema_version: 1
generated_at: 2026-09-10T18:12:32.404621+00:00
compiler_version: 0.2.5
llm_backend: mock

modules:
  ex_text:
    source_hash: sha256:08b56039b642
    anlus:
      normalize:
        source_hash: sha256:02b6ca70d290
        output_hash: sha256:e5710ab5274a
        output_lines: 11
        generated_code: |
          def normalize(text: str) -> Any:
              """
              Trim and uppercase a label
          
              Args:
                  text: string
          
              Returns:
                  text.strip().upper()
              """
              return text.strip().upper()
      is-blank:
        source_hash: sha256:e21c0404c7dc
        output_hash: sha256:4fdb2636a26b
        output_lines: 0

targets:
  python:
    file: examples\features\text_tools.py
    hash: sha256:07a94f7e7628
    lines: 40