# DO NOT EDIT - Generated by nlsc
# 2026-09-12T23:41:49.906621+00:00

schema_version: 1
generated_at: 2026-09-12T23:41:49.906621+00:00
compiler_version: 0.2.5
llm_backend: mock

modules:
  ex_text:
    source_hash: sha256:08b56039b642
    anlus:
      normalize:
        source_hash: sha256:5cd598ef2771
        output_hash: sha256:e5710ab5274a
        output_lines: 11
        generated_code: |
          def normalize(text: str) -> Any:
              """
              Trim and uppercase a label
          
              Args:
                  text: string
          
              Returns:
                  text.strip().upper()
              """
              return text.strip().upper()
      is-blank:
        source_hash: sha256:773aaeddb4bf
        output_hash: sha256:c8f17d3b93b2
        output_lines: 17
        generated_code: |
          def is_blank(text: str) -> float:
              """
              Is the text empty or whitespace only?
          
              Args:
                  text: string
          
              Returns:
                  len(text.strip()) == 0
              """
              return len(text.strip()) == 0
          
          
          
          if __name__ == '__main__':
              print(normalize("  ada  "))
              print(is_blank("   "))

targets:
  python:
    file: examples\features\text_tools.py
    hash: sha256:07a94f7e7628
    lines: 40
    semantics_version: py-3