# DO NOT EDIT - Generated by nlsc
# 2026-09-13T02:16:57.898362+00:00

schema_version: 1
generated_at: 2026-09-13T02:16:57.898362+00:00
compiler_version: 0.2.5
llm_backend: mock

modules:
  ex_types:
    source_hash: sha256:4264dcfe1370
    anlus:
      deposit:
        source_hash: sha256:410014f679a2
        output_hash: sha256:a77c428a8b92
        output_lines: 15
        generated_code: |
          def deposit(account: Account, amount: float) -> Any:
              """
              Add funds, returning the updated account
          
              Args:
                  account: Account
                  amount: number
          
              Returns:
                  Account(owner = account.owner, balance = new_balance, overdraft_limit = account.overdraft_limit)
              """
              if not (amount > 0):
                  raise ValueError('deposit must be positive')
              new_balance = account.balance + amount
              return Account(owner=account.owner, balance=new_balance, overdraft_limit=account.overdraft_limit)
      open:
        source_hash: sha256:c25bed109ed6
        output_hash: sha256:78582d5b0fd2
        output_lines: 17
        generated_code: |
          def open(owner: str, initial: float) -> Any:
              """
              Open an account with a starting balance
          
              Args:
                  owner: string
                  initial: number
          
              Returns:
                  Account(owner = owner, balance = initial, overdraft_limit = 100)
              """
              return Account(owner=owner, balance=initial, overdraft_limit=100)
          
          
          
          if __name__ == '__main__':
              print(open("ada", 50).balance)

targets:
  python:
    file: examples\features\types_constraints.py
    hash: sha256:6cdb48d01fea
    lines: 62
    semantics_version: py-3