# DO NOT EDIT - Generated by nlsc
# 2026-09-10T18:12:32.958157+00:00

schema_version: 1
generated_at: 2026-09-10T18:12:32.958157+00:00
compiler_version: 0.2.5
llm_backend: mock

modules:
  ex_types:
    source_hash: sha256:4264dcfe1370
    anlus:
      deposit:
        source_hash: sha256:cc0103ec2f4e
        output_hash: sha256:44f3db6501ce
        output_lines: 32
        generated_code: |
          @dataclass
          class Account:
              owner: str
              balance: float
              overdraft_limit: float
          
              def __post_init__(self):
                  if not self.owner:
                      raise ValueError('owner is required')
                  if self.balance < 0:
                      raise ValueError('balance must be non-negative')
                  if self.overdraft_limit < 0:
                      raise ValueError('overdraft_limit must be at least 0')
                  if not (self.balance + self.overdraft_limit >= 0):
                      raise ValueError("Invariant violated: balance + overdraft_limit >= 0")
          
          
          def deposit(account: Account, amount: float) -> Any:
              """
              Add funds, returning the updated account
          
              Args:
                  account: Account
                  amount: number
          
              Returns:
                  Account(owner = account.owner, balance = new_balance, overdraft_limit = account.overdraft_limit)
              """
              if not (amount > 0):
                  raise ValueError('deposit must be positive')
              new_balance = account.balance + amount
              return Account(owner = account.owner, balance = new_balance, overdraft_limit = account.overdraft_limit)
      open:
        source_hash: sha256:7ae217b80a5b
        output_hash: sha256:2348f9987442
        output_lines: 0

targets:
  python:
    file: examples\features\types_constraints.py
    hash: sha256:7dc9adb3f3cd
    lines: 62