# DO NOT EDIT - Generated by nlsc
# 2026-01-17T19:17:47.852240+00:00

schema_version: 1
generated_at: 2026-01-17T19:17:47.852240+00:00
compiler_version: 0.1.0
llm_backend: mock

modules:
  lockfile:
    source_hash: sha256:2a7a981f0566
    anlus:
      hash-content:
        source_hash: sha256:7b7841edc5cb
        output_hash: sha256:dd29eaf7e111
        output_lines: 0
      hash-anlu:
        source_hash: sha256:0c7c135f3058
        output_hash: sha256:141da4f376df
        output_lines: 0
      generate-lockfile:
        source_hash: sha256:b6923c1344ec
        output_hash: sha256:22351df7eab7
        output_lines: 0
      write-lockfile:
        source_hash: sha256:c449ccadd66c
        output_hash: sha256:955a1b5eec27
        output_lines: 0
      read-lockfile:
        source_hash: sha256:64727eeef44f
        output_hash: sha256:0a79acf7ae70
        output_lines: 0
      verify-lockfile:
        source_hash: sha256:226bd885f08a
        output_hash: sha256:fd6d8c9941f6
        output_lines: 0

targets:
  python:
    file: stress-test\lockfile_v2.py
    hash: sha256:c42bde4441d5
    lines: 97