# DO NOT EDIT - Generated by nlsc
# 2026-01-17T19:21:51.606182+00:00

schema_version: 1
generated_at: 2026-01-17T19:21:51.606182+00:00
compiler_version: 0.1.0
llm_backend: mock

modules:
  sample-complex:
    source_hash: sha256:3de124aaa48a
    anlus:
      validate-email:
        source_hash: sha256:511b46c13b55
        output_hash: sha256:4168c8a6946a
        output_lines: 0
      calculate-discount:
        source_hash: sha256:d3b0ad50e07f
        output_hash: sha256:27027240acc9
        output_lines: 0
      process-order:
        source_hash: sha256:ad2e33a414ee
        output_hash: sha256:8bf5fd3ad7e4
        output_lines: 0
      get-or-default:
        source_hash: sha256:5e36b2a70eac
        output_hash: sha256:d60781a0d3f4
        output_lines: 0
      format-price:
        source_hash: sha256:4cc39b0fb34b
        output_hash: sha256:51c86c2261f7
        output_lines: 0

targets:
  python:
    file: stress-test\sample_complex_compiled.py
    hash: sha256:bb833346c982
    lines: 80