# DO NOT EDIT - Generated by nlsc
# 2026-01-17T19:25:06.763156+00:00

schema_version: 1
generated_at: 2026-01-17T19:25:06.763156+00:00
compiler_version: 0.1.0
llm_backend: mock

modules:
  stdlib-patterns:
    source_hash: sha256:fd139f5f29bf
    anlus:
      parse-json-safe:
        source_hash: sha256:aec78454d238
        output_hash: sha256:d631561ba69d
        output_lines: 0
      flatten-list:
        source_hash: sha256:209a20f209e3
        output_hash: sha256:0f9bce119dc7
        output_lines: 0
      dict-merge:
        source_hash: sha256:f14098cca07c
        output_hash: sha256:e08fc8392f15
        output_lines: 0
      safe-divide:
        source_hash: sha256:8b94491d61c4
        output_hash: sha256:6f21a26e1abf
        output_lines: 0
      clamp:
        source_hash: sha256:f0c2b4fe0c49
        output_hash: sha256:d5fde054c770
        output_lines: 0
      pluralize:
        source_hash: sha256:8bd7278a0623
        output_hash: sha256:0ef8205795da
        output_lines: 0

targets:
  python:
    file: stress-test\stdlib_patterns_compiled.py
    hash: sha256:73d5a1c4f057
    lines: 91